git.sr.ht/~sircmpwn/getopt v0.0.0-20190609193657-e7e23d1cd3a3 h1:2l17fmuVbiS2cSx1m8e8GbikDUjAT5lril3/+XQsZAs=
git.sr.ht/~sircmpwn/getopt v0.0.0-20190609193657-e7e23d1cd3a3/go.mod h1:wMEGFFFNuPos7vHmWXfszqImLppbc0wEhh6JBfJIUgw=
git.sr.ht/~sircmpwn/getopt v0.0.0-20190808004552-daaf1274538b h1:da5JBQ6dcW14aWnEf/pFRIMV2PsqTQEWmR+V2sw5oxU=
git.sr.ht/~sircmpwn/getopt v0.0.0-20190808004552-daaf1274538b/go.mod h1:wMEGFFFNuPos7vHmWXfszqImLppbc0wEhh6JBfJIUgw=
git.sr.ht/~timidger/todo v0.0.0-20190730142657-702a3d08f446 h1:eBmAGb2UNLtGq8YjZnbEHq+nn+3rczAmjqpE1d2p6nI=
git.sr.ht/~timidger/todo v0.0.0-20190730142657-702a3d08f446/go.mod h1:e2CT2T7wZbHoKH6uiz5ixW4thfFO4mGlgiwveMzp+FU=
git.sr.ht/~timidger/todo v0.0.0-20190730142657-8e9420a h1:HxKJS3jXXkY6QFL/FkPlYpyJnZPLJskegnjowTCbFzA=
git.sr.ht/~timidger/todo v0.0.0-20190730142657-8e9420a/go.mod h1:e2CT2T7wZbHoKH6uiz5ixW4thfFO4mGlgiwveMzp+FU=
git.sr.ht/~timidger/todo v0.0.0-20190813205217-8e9420a4f74a h1:7kFxN/AGGeV7OzrVfw8K4A1GfPAHp+cccmNUZGAN31I=
github.com/davecgh/go-spew v1.1.0 h1:ZDRjVQ15GmhC3fiQ8ni8+OwkZQO4DARzQgrnXU1Liz8=
github.com/davecgh/go-spew v1.1.0/go.mod h1:J7Y8YcW2NihsgmVo/mv3lAwl/skON4iLHjSsI+c5H38=
github.com/mattn/go-isatty v0.0.7 h1:UvyT9uN+3r7yLEYSlJsbQGdsaB/a0DlgWP3pql6iwOc=
github.com/mattn/go-isatty v0.0.7/go.mod h1:Iq45c/XA43vh69/j3iqttzPXn0bhXyGjM0Hdxcsrc5s=
github.com/mattn/go-isatty v0.0.8 h1:HLtExJ+uU2HOZ+wI0Tt5DtUDrx8yhUqDcp7fYERX4CE=
github.com/mattn/go-isatty v0.0.8/go.mod h1:Iq45c/XA43vh69/j3iqttzPXn0bhXyGjM0Hdxcsrc5s=
github.com/pmezard/go-difflib v1.0.0 h1:4DBwDE0NGyQoBHbLQYPwSUPoCMWR5BEzIk/f1lZbAQM=
github.com/pmezard/go-difflib v1.0.0/go.mod h1:iKH77koFhYxTK1pcRnkKkqfTogsbg7gZNVY4sRDYZ/4=
github.com/stretchr/objx v0.1.0/go.mod h1:HFkY916IF+rwdDfMAkV7OtwuqBVzrE8GR6GFx+wExME=
github.com/stretchr/testify v1.3.0 h1:TivCn/peBQ7UY8ooIcPgZFpTNSz0Q2U6UrFlUfqbe0Q=
github.com/stretchr/testify v1.3.0/go.mod h1:M5WIy9Dh21IEIfnGCwXGc5bZfKNJtfHm1UVUgZn+9EI=
golang.org/x/sys v0.0.0-20190222072716-a9d3bda3a223 h1:DH4skfRX4EBpamg7iV4ZlCpblAHI6s6TDM39bFZumv8=
golang.org/x/sys v0.0.0-20190222072716-a9d3bda3a223/go.mod h1:STP8DvDyc/dI5b8T5hshtkjS+E42TnysNCUPdjciGhY=
